github.com/davecgh/go-spew v1.1.0/go.mod h1:J7Y8YcW2NihsgmVo/mv3lAwl/skON4iLHjSsI+c5H38=
github.com/davecgh/go-spew v1.1.1 h1:vj9j/u1bqnvCEfJOwUhtlOARqs3+rkHYY13jYWTU97c=
github.com/davecgh/go-spew v1.1.1/go.mod h1:J7Y8YcW2NihsgmVo/mv3lAwl/skON4iLHjSsI+c5H38=
github.com/google/go-cmp v0.5.4/go.mod h1:v8dTdLbMG2kIc/vJvl+f65V22dbkXbowE6jgT/gNBxE=
github.com/google/go-cmp v0.5.6 h1:BKbKCqvP6I+rmFHt06ZmyQtvB8xAkWdhFyr0ZUNZcxQ=
github.com/google/go-cmp v0.5.6/go.mod h1:v8dTdLbMG2kIc/vJvl+f65V22dbkXbowE6jgT/gNBxE=
github.com/klauspost/compress v1.15.1 h1:y9FcTHGyrebwfP0ZZqFiaxTaiDnUrGkJkI+f583BL1A=
github.com/klauspost/compress v1.15.1/go.mod h1:/3/Vjq9QcHkK5uEr5lBEmyoZ1iFhe47etQ6QUkpK6sk=
github.com/kulezi/scylla-go-driver v0.1.0 h1:4gMd5+eyzDwH6IGPFkZt6tyHEdEiJ07MFaqBbbPSiB0=
github.com/kulezi/scylla-go-driver v0.1.0/go.mod h1:r/hlfQEI5mENGSvwc3V+dZgPlL6vODShsDCvjYYqwoA=
github.com/kulezi/scylla-go-driver/gocql v0.1.4 h1:ENaiqjXGJ0zJ7bYAyQTOcBSLjDBhSefIFNv3ySUOHmU=
github.com/kulezi/scylla-go-driver/gocql v0.1.4/go.mod h1:LQCwrEQZ6HXpu11LzS5KLaOqNZEV3jUx+CSnNd4ebCE=
github.com/pierrec/lz4/v4 v4.1.14 h1:+fL8AQEZtz/ijeNnpduH0bROTu0O3NZAlPjQxGn8LwE=
github.com/pierrec/lz4/v4 v4.1.14/go.mod h1:gZWDp/Ze/IJXGXf23ltt2EXimqmTUXEy0GFuRQyBid4=
github.com/pmezard/go-difflib v1.0.0 h1:4DBwDE0NGyQoBHbLQYPwSUPoCMWR5BEzIk/f1lZbAQM=
github.com/pmezard/go-difflib v1.0.0/go.mod h1:iKH77koFhYxTK1pcRnkKkqfTogsbg7gZNVY4sRDYZ/4=
github.com/psanford/memfs v0.0.0-20210214183328-a001468d78ef h1:NKxTG6GVGbfMXc2mIk+KphcH6hagbVXhcFkbTgYleTI=
github.com/psanford/memfs v0.0.0-20210214183328-a001468d78ef/go.mod h1:tcaRap0jS3eifrEEllL6ZMd9dg8IlDpi2S1oARrQ+NI=
github.com/scylladb/go-reflectx v1.0.1 h1:b917wZM7189pZdlND9PbIJ6NQxfDPfBvUaQ7cjj1iZQ=
github.com/scylladb/go-reflectx v1.0.1/go.mod h1:rWnOfDIRWBGN0miMLIcoPt/Dhi2doCMZqwMCJ3KupFc=
github.com/stretchr/objx v0.1.0/go.mod h1:HFkY916IF+rwdDfMAkV7OtwuqBVzrE8GR6GFx+wExME=
github.com/stretchr/testify v1.3.0 h1:TivCn/peBQ7UY8ooIcPgZFpTNSz0Q2U6UrFlUfqbe0Q=
github.com/stretchr/testify v1.3.0/go.mod h1:M5WIy9Dh21IEIfnGCwXGc5bZfKNJtfHm1UVUgZn+9EI=
go.uber.org/atomic v1.9.0 h1:ECmE8Bn/WFTYwEW/bpKD3M8VtR/zQVbavAoalC1PYyE=
go.uber.org/atomic v1.9.0/go.mod h1:fEN4uk6kAWBTFdckzkM89CLk9XfWZrxpCo0nPH17wJc=
go.uber.org/goleak v1.1.12 h1:gZAh5/EyT/HQwlpkCy6wTpqfH9H8Lz8zbm3dZh+OyzA=
golang.org/x/sync v0.0.0-20200317015054-43a5402ce75a h1:WXEvlFVvvGxCJLG6REjsT03iWnKLEWinaScsxF2Vm2o=
golang.org/x/sync v0.0.0-20200317015054-43a5402ce75a/go.mod h1:RxMgew5VJxzue5/jJTE5uejpjVlOe/izrB70Jof72aM=
golang.org/x/xerrors v0.0.0-20191204190536-9bdfabe68543 h1:E7g+9GITq07hpfrRu66IVDexMakfv52eLZ2CXBWiKr4=
golang.org/x/xerrors v0.0.0-20191204190536-9bdfabe68543/go.mod h1:I/5z698sn9Ka8TeJc9MKroUUfqBBauWjQqLJ2OPfmY0=
gopkg.in/inf.v0 v0.9.1 h1:73M5CoZyi3ZLMOyDlQh031Cx6N9NDJ2Vvfl76EDAgDc=
gopkg.in/inf.v0 v0.9.1/go.mod h1:cWUDdTG/fYaXco+Dcufb5Vnc6Gp2YChqWtbxRZE0mXw=
